github.com/beorn7/perks v1.0.1 h1:VlbKKnNfV8bJzeqoa4cOKqO6bYr3WgKZxO8Z16+hsOM=
github.com/beorn7/perks v1.0.1/go.mod h1:G2ZrVWU2WbWT9wwq4/hrbKbnv/1ERSJQ0ibhJ6rlkpw=
github.com/cespare/xxhash/v2 v2.2.0 h1:DC2CZ1Ep5Y4k3ZQ899DldepgrayRUGE6BBZ/cd9Cj44=
github.com/cespare/xxhash/v2 v2.2.0/go.mod h1:VGX0DQ3Q6kWi7AoAeZDth3/j3BFtOZR5XLFGgcrjCOs=
github.com/dustin/go-humanize v1.0.1 h1:GzkhY7T5VNhEkwH0PVJgjz+fX1rhBrR7pRT3mDkpeCY=
github.com/dustin/go-humanize v1.0.1/go.mod h1:Mu1zIs6XwVuF/gI1OepvI0qD18qycQx+mFykh5fBlto=
github.com/golang/protobuf v1.2.0/go.mod h1:6lQm79b+lXiMfvg/cZm0SGofjICqVBUtrP5yJMmIC1U=
github.com/golang/protobuf v1.3.5/go.mod h1:6O5/vntMXwX2lRkT1hjjk0nAC1IDOTvTlVgjlRvqsdk=
github.com/golang/protobuf v1.5.0/go.mod h1:FsONVRAS9T7sI+LIUmWTfcYkHO4aIWwzhcaSAoJOfIk=
github.com/golang/protobuf v1.5.2 h1:ROPKBNFfQgOUMifHyP+KYbvpjbdoFNs+aK7DXlji0Tw=
github.com/golang/protobuf v1.5.2/go.mod h1:XVQd3VNwM+JqD3oG2Ue2ip4fOMUkwXdXDdiuN0vRsmY=
github.com/golang/protobuf v1.5.3 h1:KhyjKVUg7Usr/dYsdSqoFveMYd5ko72D+zANwlG1mmg=
github.com/golang/protobuf v1.5.3/go.mod h1:XVQd3VNwM+JqD3oG2Ue2ip4fOMUkwXdXDdiuN0vRsmY=
github.com/google/go-cmp v0.5.5/go.mod h1:v8dTdLbMG2kIc/vJvl+f65V22dbkXbowE6jgT/gNBxE=
github.com/matttproud/golang_protobuf_extensions v1.0.4 h1:mmDVorXM7PCGKw94cs5zkfA9PSy5pEvNWRP0ET0TIVo=
github.com/matttproud/golang_protobuf_extensions v1.0.4/go.mod h1:BSXmuO+STAnVfrANrmjBb36TMTDstsz7MSK+HVaYKv4=
github.com/prometheus/client_golang v1.14.0 h1:nJdhIvne2eSX/XRAFV9PcvFFRbrjbcTUj0VP62TMhnw=
github.com/prometheus/client_golang v1.14.0/go.mod h1:8vpkKitgIVNcqrRBWh1C4TIUQgYNtG/XQE4E/Zae36Y=
github.com/prometheus/client_golang v1.16.0 h1:yk/hx9hDbrGHovbci4BY+pRMfSuuat626eFsHb7tmT8=
github.com/prometheus/client_golang v1.16.0/go.mod h1:Zsulrv/L9oM40tJ7T815tM89lFEugiJ9HzIqaAx4LKc=
github.com/prometheus/client_model v0.3.0 h1:UBgGFHqYdG/TPFD1B1ogZywDqEkwp3fBMvqdiQ7Xew4=
github.com/prometheus/client_model v0.3.0/go.mod h1:LDGWKZIo7rky3hgvBe+caln+Dr3dPggB5dvjtD7w9+w=
github.com/prometheus/client_model v0.4.0 h1:5lQXD3cAg1OXBf4Wq03gTrXHeaV0TQvGfUooCfx1yqY=
github.com/prometheus/client_model v0.4.0/go.mod h1:oMQmHW1/JoDwqLtg57MGgP/Fb1CJEYF2imWWhWtMkYU=
github.com/prometheus/common v0.39.0 h1:oOyhkDq05hPZKItWVBkJ6g6AtGxi+fy7F4JvUV8uhsI=
github.com/prometheus/common v0.39.0/go.mod h1:6XBZ7lYdLCbkAVhwRsWTZn+IN5AB9F/NXd5w0BbEX0Y=
github.com/prometheus/common v0.44.0 h1:+5BrQJwiBB9xsMygAB3TNvpQKOwlkc25LbISbrdOOfY=
github.com/prometheus/common v0.44.0/go.mod h1:ofAIvZbQ1e/nugmZGz4/qCb9Ap1VoSTIO7x0VV9VvuY=
github.com/prometheus/procfs v0.9.0 h1:wzCHvIvM5SxWqYvwgVL7yJY8Lz3PKn49KQtpgMYJfhI=
github.com/prometheus/procfs v0.9.0/go.mod h1:+pB4zwohETzFnmlpe6yd2lSc+0/46IYZRB/chUwxUZY=
github.com/prometheus/procfs v0.11.1 h1:xRC8Iq1yyca5ypa9n1EZnWZkt7dwcoRPQwX/5gwaUuI=
github.com/prometheus/procfs v0.11.1/go.mod h1:eesXgaPo1q7lBpVMoMy0ZOFTth9hBn4W/y0/p/ScXhY=
github.com/yuin/goldmark v1.4.13/go.mod h1:6yULJ656Px+3vBD8DxQVa3kxgyrAnzto9xy5taEt/CY=
golang.conradwood.net/apis/auth v1.1.2136/go.mod h1:peWojdaBQH/PxuHYIs+q75ZDIoeOdEUDX360HiJsP8Q=
golang.conradwood.net/apis/auth v1.1.2144 h1:FB7DxmuLiKhGeriBI74XHSQK4JoqVGBV0FpOdopG198=
golang.conradwood.net/apis/auth v1.1.2144/go.mod h1:bv/gqR9tmF8w+qbmlVyxf6aDqk84sIEAvaK+kopDwCw=
golang.conradwood.net/apis/auth v1.1.2147 h1:SQ9ob7Wl8qFkTsh0rjwH7snoc0Uxsx7Mp64h9B88W1g=
golang.conradwood.net/apis/auth v1.1.2147/go.mod h1:b1/uvd5gMPnfg80ddhT1+PJaCBIowQrg2kpEMOWk/BA=
golang.conradwood.net/apis/auth v1.1.2520 h1:w0wbYMoPcP/hVrejvPBM7Qw30TahR5d3kJHr+ooS3I8=
golang.conradwood.net/apis/auth v1.1.2520/go.mod h1:2k53xYwxeExNMqyGxY26s4uWJv+yP5psNYpjz54GNQ0=
golang.conradwood.net/apis/autodeployer v1.1.2136/go.mod h1:bKp8jIIPJSi2DrkGBXdRyM23x+DHvuy8L/AlfbE15mY=
golang.conradwood.net/apis/autodeployer v1.1.2144 h1:suVSJh8TNxhXvEmIRvrt2bcM6zNfsoqPq916SjhTfac=
golang.conradwood.net/apis/autodeployer v1.1.2144/go.mod h1:Zo6lYIzjuAlGzYaPJThHG31R058dS0AWXcV8B1LOMJ0=
golang.conradwood.net/apis/autodeployer v1.1.2147 h1:K7sqTXh7ssL7T+oJLpz4W5I2F/cM4siHZPLpD08TnX8=
golang.conradwood.net/apis/autodeployer v1.1.2147/go.mod h1:4rHb8HkdQonr9uFITV3etrvt1X7thsBZ2WUQHYnHHyY=
golang.conradwood.net/apis/autodeployer v1.1.2520 h1:fLMyvbmVP4FQ3luKJHDak/EIgbDsgjMHsrXWSeQe/VY=
golang.conradwood.net/apis/autodeployer v1.1.2520/go.mod h1:tEwx2jqusCp14rakbCAKm4LP53qTUXIXR/Mf5Q+Vvto=
golang.conradwood.net/apis/common v1.1.2136/go.mod h1:/5HJvhoIroSYRmgSMQ0z2iniuoy/mTB2l7h+ACVwDJ0=
golang.conradwood.net/apis/common v1.1.2144 h1:mJNfnoHTWpsXzKbc4abmpSKXQ7bRAd45zoK66fA+Efs=
golang.conradwood.net/apis/common v1.1.2144/go.mod h1:aaTj8awgv/lPSV2O3XPOD6sHQJZtUWzgUrZ5aJaSD2A=
golang.conradwood.net/apis/common v1.1.2147 h1:szAsTiyG3eqKtcyB+hPtgFyIDHM0y+9Xq5o4A49PER0=
golang.conradwood.net/apis/common v1.1.2147/go.mod h1:w6FF+lCdZHWiCeedCH/5BrX9FNch78mvYf/ewVlouKE=
golang.conradwood.net/apis/common v1.1.2520 h1:JoV1pgTIlI8U9wZrVHijg8s6B2qIRzJqaXkfE83lkcc=
golang.conradwood.net/apis/common v1.1.2520/go.mod h1:2Q6ALxCJdtmTKHbt6LrH6NXbmvnT5HdYZvMRWFN1yFA=
golang.conradwood.net/apis/deploymonkey v1.1.2136/go.mod h1:pc8QMicO61wHDDza/6mhvbUPzZr0cvHpLOFPExss6pE=
golang.conradwood.net/apis/deploymonkey v1.1.2144 h1:bxGlp/CWGoTLzIQL0ysIiGMpAVIBcyp/Umouv+bBlM0=
golang.conradwood.net/apis/deploymonkey v1.1.2144/go.mod h1:glGqFMficu1AixkE4dSY9b545UPluyYjKdGdHmuwEug=
golang.conradwood.net/apis/deploymonkey v1.1.2147 h1:dtw/cLectTPK9YwWHM9jt8JuZHshs5qzWwcb4yN6enU=
golang.conradwood.net/apis/deploymonkey v1.1.2147/go.mod h1:xUoYCZ5p9WdAGmBPsfyKKyiE2+o7E+tUR6dpsMna0h8=
golang.conradwood.net/apis/deploymonkey v1.1.2520 h1:72c16aSQPQIat5OL/FKNrSh1MWF7kJ2OR/LMAINPdO4=
golang.conradwood.net/apis/deploymonkey v1.1.2520/go.mod h1:oYqjSRCQQ0BFKIPojydDFPCpr/j5oyTQtu3RrCK0Eqo=
golang.conradwood.net/apis/echoservice v1.1.2125/go.mod h1:zHEAELQIQpArJQxFTI1okaHRABOalsKsjD7YOXot0ws=
golang.conradwood.net/apis/echoservice v1.1.2144 h1:/1sJkj7B5upillRzz5T+67aSLPqQsTlga/zkcqB4G7k=
golang.conradwood.net/apis/echoservice v1.1.2144/go.mod h1:Pi0GuDuWUe+rx96Nejwa/+gj5oLNPIqSoRdcoE910Xc=
golang.conradwood.net/apis/echoservice v1.1.2147 h1:jGlHk5XKs+JbVIJ+y4/RH/BJLv9irgVr07HIJf+ZFk8=
golang.conradwood.net/apis/echoservice v1.1.2147/go.mod h1:G4IZvpV0hfPiaEN6+9P55Hptg989jm8t/voPQ72frRM=
golang.conradwood.net/apis/echoservice v1.1.2520 h1:HKnO/OD/IxpK65hD7bwtmiMYveRjCFKraR/9PJLFd4A=
golang.conradwood.net/apis/echoservice v1.1.2520/go.mod h1:5f3w66K+bfLUHJnqJAyjzKYW86kIdwuglyWHURk1gas=
golang.conradwood.net/apis/errorlogger v1.1.2125/go.mod h1:BMcsc9Yr5Ib0Bwmah9SApGoEFVRSpCD1M1I7ptQoMyM=
golang.conradwood.net/apis/errorlogger v1.1.2144 h1:TeKHYWaWtqGAZlnYohvgxePu4xfy+8d68hqR3QFrFEk=
golang.conradwood.net/apis/errorlogger v1.1.2144/go.mod h1:abh+4OwloPaE4oyFloteWogKnT1wmxxfsScr8pikoCc=
golang.conradwood.net/apis/errorlogger v1.1.2147 h1:k7203XmfZ5u1MXzzCBQ2f5ABlRupLZc60rtPnkubI/g=
golang.conradwood.net/apis/errorlogger v1.1.2147/go.mod h1:qSRx52PVQQxcuGIBkC0KHiOjxsnc4WIayci4UKjz+bw=
golang.conradwood.net/apis/errorlogger v1.1.2520 h1:w5fYdEOI+DtNpFRPpKTLax6cCYreWSgYbC2dC5NDtkg=
golang.conradwood.net/apis/errorlogger v1.1.2520/go.mod h1:YsQcbM2/nIw/5V1uC2c2/MohK+h6pDP7oFyat/3+DNg=
golang.conradwood.net/apis/framework v1.1.2136/go.mod h1:75t7naSBr5cF+e30onCMC6fjJtv61TY2VyBY3Aod1to=
golang.conradwood.net/apis/framework v1.1.2144 h1:jjsNFfz+hg1NvC/ZSt9MtWBbUxaF2x+lAZInO9ubm1U=
golang.conradwood.net/apis/framework v1.1.2144/go.mod h1:ZzQ/RvmnWLtkIJxuPYqSbU9+BKBvYgyPmuf0GLW4rxA=
golang.conradwood.net/apis/framework v1.1.2147 h1:+l76X16SALkbiYjg9V3f9wuqt6sebaH3hBq6YeffxLY=
golang.conradwood.net/apis/framework v1.1.2147/go.mod h1:BPTDbMyvH797KKVsRnNfljv6cnBTzOxHjoxhNzSF95s=
golang.conradwood.net/apis/framework v1.1.2520 h1:RcnLBXuc3n3iZ5hQHlh6V16Px3pZ1Wps/Sz8xm4wJoM=
golang.conradwood.net/apis/framework v1.1.2520/go.mod h1:t5weMwLPonjnw2LPubJZua5PL351xvCnedtKAQijXDI=
golang.conradwood.net/apis/goeasyops v1.1.2144 h1:iu15WvutszqbJn+eowmoAMQLLrcFqBPXlbvRbKKDWCs=
golang.conradwood.net/apis/goeasyops v1.1.2144/go.mod h1:d9hEpZkT7EBWa+SAQ5NyJD2c4pvcgu+r1jJVQSdNCKI=
golang.conradwood.net/apis/goeasyops v1.1.2147 h1:monYsRVo5IJ5CWncfaHXLyiO9NIbdKWr9qx7XlestSo=
golang.conradwood.net/apis/goeasyops v1.1.2147/go.mod h1:z2xUTz8eXqO6QsUCkPISiy7eUerUWlmH3HZVkiBx6f0=
golang.conradwood.net/apis/goeasyops v1.1.2520 h1:Za11Cd/CKKft8O2Yd8DHtrFbJw3l9Rt1uPYTdwx7SGM=
golang.conradwood.net/apis/goeasyops v1.1.2520/go.mod h1:5HVC/AOXgq1Gko7d737W+V5TRS5IdF3qzHWyS/6bisE=
golang.conradwood.net/apis/h2gproxy v1.1.2048/go.mod h1:ATC5xkb1o3E6l1Gk5SGfXzlYmQgWtOSOt1y8GG23F1I=
golang.conradwood.net/apis/h2gproxy v1.1.2144 h1:MsltgA367FeWDMzQvWB1JXvZurLVs9s1rCoJrOqAOo0=
golang.conradwood.net/apis/h2gproxy v1.1.2144/go.mod h1:E+g91R4BPqhlQvPvUNgKm395/ydeEB9E/KyeyqRhxMc=
golang.conradwood.net/apis/h2gproxy v1.1.2147 h1:WhH3qcirdlGPCd4IqHse9Ybur6FvuZ2FWHjlhbcjfTc=
golang.conradwood.net/apis/h2gproxy v1.1.2147/go.mod h1:UXjrTvUCm4c27u/E731F7PwZhxD31Q0ritaRHxZkUFs=
golang.conradwood.net/apis/h2gproxy v1.1.2520 h1:4V3FctdK2uJZ3D+q4M2QYNI8auAo86qW+PPNO/dsjNI=
golang.conradwood.net/apis/h2gproxy v1.1.2520/go.mod h1:wt9TRQYgzEuZJZAdqvp7SZXPK4NuMDTcIevqUoD29zw=
golang.conradwood.net/apis/images v1.1.2048/go.mod h1:3qQdevMNR2rG6gOdxl2ywQLHVvQSW5NWlkky3U6NAXI=
golang.conradwood.net/apis/images v1.1.2144 h1:HJFHxAq33ZABs5bt0tl9bfYt/VPQPIOVrneJRi1U9zg=
golang.conradwood.net/apis/images v1.1.2144/go.mod h1:UCULo8t53tPe67ZfFyMIibi1zw4Uw6VO3LviS/8x7Cw=
golang.conradwood.net/apis/images v1.1.2147 h1:oLyOkOZAVn/OxlNRN1LVoiuxdtEuk8GmDrFHrWFGglc=
golang.conradwood.net/apis/images v1.1.2147/go.mod h1:vxY832yJ+ZRWydjwEls9ObNA2wf1OJfR6xW3y4oOwvw=
golang.conradwood.net/apis/images v1.1.2520 h1:eAwyXTIgjBle8+vOYqmkmgP1rXGr4/0AX4x+Gvzu5Qg=
golang.conradwood.net/apis/images v1.1.2520/go.mod h1:UZ3Fz4UQiOA/h03KbSLai49tagNKk4LHyNvi2vD6miA=
golang.conradwood.net/apis/objectstore v1.1.2136/go.mod h1:nlQzf19qj65R+fbw1BlQ3NfpHMdRyWDTmn8ORnmgokM=
golang.conradwood.net/apis/objectstore v1.1.2144 h1:xPFFWQ39VKAXB4B0tceXQHfkmpGhEc4c/EUSz1I1fNM=
golang.conradwood.net/apis/objectstore v1.1.2144/go.mod h1:HIwkfYb9XqE9DWhWzPsM4ue8GNlTn5UXdPEcVlHaVXw=
golang.conradwood.net/apis/objectstore v1.1.2147 h1:TQXHUfAkGzblbbV/0DO6pl2t6Jl8K00l2U3f03zSpeo=
golang.conradwood.net/apis/objectstore v1.1.2147/go.mod h1:fQMO9qqH0j3Mbpy0emak8t0gin0WQnJr1hxogsRqng8=
golang.conradwood.net/apis/objectstore v1.1.2520 h1:IrWU9FaKm0umiBqH9ZqpZRBTcJFw4M8S5DVlKSPIbK8=
golang.conradwood.net/apis/objectstore v1.1.2520/go.mod h1:hRuI3ABrQBM+naUkbMpinq6op0yAmIeZhvn58+BT0UQ=
golang.conradwood.net/apis/registry v1.1.2136/go.mod h1:ph92YamYh5yP7k1Z/cKJ5ALkb0Z2Rqv437m7Of00U+Y=
golang.conradwood.net/apis/registry v1.1.2144 h1:p2ulJdYWI4NArwo85LJ1YAn2fQiNh8w8VkhEu74UIDQ=
golang.conradwood.net/apis/registry v1.1.2144/go.mod h1:n6T3pi2oeRVsSqpj5XJDgLGEtiIzvs3Xw3Yu2nQxROk=
golang.conradwood.net/apis/registry v1.1.2147 h1:lzKIZ7kE5NaGbvD9XgpiZmFEiPY54jW1NM9Im1cxAjM=
golang.conradwood.net/apis/registry v1.1.2147/go.mod h1:sarLDbgkKQhTT2lyWBEsYMhkCszdjxvtWk+r4msIhig=
golang.conradwood.net/apis/registry v1.1.2520 h1:nd/veLrNYaKm9O1UY5+3XThkA9meTun0k30R0GTM8fg=
golang.conradwood.net/apis/registry v1.1.2520/go.mod h1:khbamACV7T+NjntwJZIlmCEnyO/w6gDewaOMx3Uu9S8=
golang.conradwood.net/apis/rpcinterceptor v1.1.2136/go.mod h1:9FlKt2kXc/W6k7D2lw7xcztDWuxBTVsYhkyRPZLTE8Y=
golang.conradwood.net/apis/rpcinterceptor v1.1.2144 h1:QS5ZphMCpmwmDgynVioUa25in/aBRZAXCWZ0wB/d2ts=
golang.conradwood.net/apis/rpcinterceptor v1.1.2144/go.mod h1:t/duqjOh/wKyO9RgKRn3K3qZxjtSk9fsHzMQ2vnm3LY=
golang.conradwood.net/apis/rpcinterceptor v1.1.2147 h1:1hkprGeL43xLoTKu4JEyKACUWva8jeYGTtKrAveFRWw=
golang.conradwood.net/apis/rpcinterceptor v1.1.2147/go.mod h1:QYaMCLJATMZKUjHNqkCMPvEr3Kii0CDzTbr3pkS7YzQ=
golang.conradwood.net/apis/rpcinterceptor v1.1.2520 h1:1Lq1WJjuyowfBY2xbaIkWTlWmcEfZkLqdlUkHxYmQhs=
golang.conradwood.net/apis/rpcinterceptor v1.1.2520/go.mod h1:Olo9zNenHqXrLEXPyedpYFH0K0QH1uOgjDBJAbRt01o=
golang.conradwood.net/go-easyops v0.1.16136 h1:M2PSWWbc3ccGTflZTqTaBeWoRsy7OMaukoKg4XurZ5A=
golang.conradwood.net/go-easyops v0.1.16136/go.mod h1:ktYKHhBLaWt06KAXfT3hxYUPIAxSkv8ve8XR6SfNpz8=
golang.conradwood.net/go-easyops v0.1.16486 h1:+NHn/LfJyE6m9rr0xrCzw2jrib5FLz0FtXPTU00thYA=
golang.conradwood.net/go-easyops v0.1.16486/go.mod h1:WfxhVB8MmdFmUF6tmnSAR5v5PWF1GTrnXeYmkmTIOrs=
golang.conradwood.net/go-easyops v0.1.19156 h1:7xhfzOvB3FVtRaJ+TuumvLwyLTtp5w/M2oyIn+b8r74=
golang.conradwood.net/go-easyops v0.1.19156/go.mod h1:UCtSKIYoHBGU/jXfxK4YUiXwsBEMMUo++8oLFWWsVso=
golang.org/x/crypto v0.0.0-20190308221718-c2843e01d9a2/go.mod h1:djNgcEr1/C05ACkg1iLfiJU5Ep61QUkGW8qpdssI0+w=
golang.org/x/crypto v0.0.0-20210921155107-089bfa567519/go.mod h1:GvvjBRRGRdwPK5ydBHafDWAxML/pGHZbMvKqRZ5+Abc=
golang.org/x/image v0.1.0/go.mod h1:iyPr49SD/G/TBxYVB/9RRtGUT5eNbo2u4NamWeQcD5c=
golang.org/x/image v0.3.0 h1:HTDXbdK9bjfSWkPzDJIw89W8CAtfFGduujWs33NLLsg=
golang.org/x/image v0.3.0/go.mod h1:fXd9211C/0VTlYuAcOhW8dY/RtEJqODXOWBDpmYBf+A=
golang.org/x/image v0.11.0 h1:ds2RoQvBvYTiJkwpSFDwCcDFNX7DqjL2WsUgTNk0Ooo=
golang.org/x/image v0.11.0/go.mod h1:bglhjqbqVuEb9e9+eNR45Jfu7D+T4Qan+NhQk8Ck2P8=
golang.org/x/mod v0.6.0-dev.0.20220419223038-86c51ed26bb4/go.mod h1:jJ57K6gSWd91VN4djpZkiMVwK6gcyfeH4XE8wZrZaV4=
golang.org/x/mod v0.8.0/go.mod h1:iBbtSCu2XBx23ZKBPSOrRkjjQPZFPuis4dIYUhu/chs=
golang.org/x/net v0.0.0-20190620200207-3b0461eec859/go.mod h1:z5CRVTTTmAJ677TzLLGU+0bjPO0LkuOLi4/5GtJWs/s=
golang.org/x/net v0.0.0-20210226172049-e18ecbb05110/go.mod h1:m0MpNAwzfU5UDzcl9v0D8zg8gWTRqZa9RBIspLL5mdg=
golang.org/x/net v0.0.0-20220722155237-a158d28d115b/go.mod h1:XRhObCWvk6IyKnWLug+ECip1KBveYUHfp+8e9klMJ9c=
golang.org/x/net v0.5.0 h1:GyT4nK/YDHSqa1c4753ouYCDajOYKTja9Xb/OHtgvSw=
golang.org/x/net v0.5.0/go.mod h1:DivGGAXEgPSlEBzxGzZI+ZLohi+xUj054jfeKui00ws=
golang.org/x/net v0.6.0/go.mod h1:2Tu9+aMcznHK/AK1HMvgo6xiTLG5rD5rZLDS+rp2Bjs=
golang.org/x/net v0.7.0 h1:rJrUqqhjsgNp7KqAIc25s9pZnjU7TUcSY7HcVZjdn1g=
golang.org/x/net v0.7.0/go.mod h1:2Tu9+aMcznHK/AK1HMvgo6xiTLG5rD5rZLDS+rp2Bjs=
golang.org/x/net v0.14.0 h1:BONx9s002vGdD9umnlX1Po8vOZmrgH34qlHcD1MfK14=
golang.org/x/net v0.14.0/go.mod h1:PpSgVXXLK0OxS0F31C1/tv6XNguvCrnXIDrFMspZIUI=
golang.org/x/sync v0.0.0-20181221193216-37e7f081c4d4/go.mod h1:RxMgew5VJxzue5/jJTE5uejpjVlOe/izrB70Jof72aM=
golang.org/x/sync v0.0.0-20190423024810-112230192c58/go.mod h1:RxMgew5VJxzue5/jJTE5uejpjVlOe/izrB70Jof72aM=
golang.org/x/sync v0.0.0-20220722155255-886fb9371eb4/go.mod h1:RxMgew5VJxzue5/jJTE5uejpjVlOe/izrB70Jof72aM=
golang.org/x/sync v0.1.0/go.mod h1:RxMgew5VJxzue5/jJTE5uejpjVlOe/izrB70Jof72aM=
golang.org/x/sys v0.0.0-20190215142949-d0b11bdaac8a/go.mod h1:STP8DvDyc/dI5b8T5hshtkjS+E42TnysNCUPdjciGhY=
golang.org/x/sys v0.0.0-20201119102817-f84b799fce68/go.mod h1:h1NjWce9XRLGQEsW7wpKNCjG9DtNlClVuFLEZdDNbEs=
golang.org/x/sys v0.0.0-20210615035016-665e8c7367d1/go.mod h1:oPkhp1MJrh7nUepCBck5+mAzfO9JrbApNNgaTdGDITg=
golang.org/x/sys v0.0.0-20210630005230-0f9fa26af87c/go.mod h1:oPkhp1MJrh7nUepCBck5+mAzfO9JrbApNNgaTdGDITg=
golang.org/x/sys v0.0.0-20220520151302-bc2c85ada10a/go.mod h1:oPkhp1MJrh7nUepCBck5+mAzfO9JrbApNNgaTdGDITg=
golang.org/x/sys v0.0.0-20220722155257-8c9f86f7a55f/go.mod h1:oPkhp1MJrh7nUepCBck5+mAzfO9JrbApNNgaTdGDITg=
golang.org/x/sys v0.4.0 h1:Zr2JFtRQNX3BCZ8YtxRE9hNJYC8J6I1MVbMg6owUp18=
golang.org/x/sys v0.4.0/go.mod h1:oPkhp1MJrh7nUepCBck5+mAzfO9JrbApNNgaTdGDITg=
golang.org/x/sys v0.5.0 h1:MUK/U/4lj1t1oPg0HfuXDN/Z1wv31ZJ/YcPiGccS4DU=
golang.org/x/sys v0.5.0/go.mod h1:oPkhp1MJrh7nUepCBck5+mAzfO9JrbApNNgaTdGDITg=
golang.org/x/sys v0.11.0 h1:eG7RXZHdqOJ1i+0lgLgCpSXAp6M3LYlAo6osgSi0xOM=
golang.org/x/sys v0.11.0/go.mod h1:oPkhp1MJrh7nUepCBck5+mAzfO9JrbApNNgaTdGDITg=
golang.org/x/term v0.0.0-20201126162022-7de9c90e9dd1/go.mod h1:bj7SfCRtBDWHUb9snDiAeCFNEtKQo2Wmx5Cou7ajbmo=
golang.org/x/term v0.0.0-20210927222741-03fcf44c2211/go.mod h1:jbD1KX2456YbFQfuXm/mYQcufACuNUgVhRMnK/tPxf8=
golang.org/x/term v0.4.0 h1:O7UWfv5+A2qiuulQk30kVinPoMtoIPeVaKLEgLpVkvg=
golang.org/x/term v0.4.0/go.mod h1:9P2UbLfCdcvo3p/nzKvsmas4TnlujnuoV9hGgYzW1lQ=
golang.org/x/term v0.5.0 h1:n2a8QNdAb0sZNpU9R1ALUXBbY+w51fCQDN+7EdxNBsY=
golang.org/x/term v0.5.0/go.mod h1:jMB1sMXY+tzblOD4FWmEbocvup2/aLOaQEp7JmGp78k=
golang.org/x/term v0.11.0 h1:F9tnn/DA/Im8nCwm+fX+1/eBwi4qFjRT++MhtVC4ZX0=
golang.org/x/term v0.11.0/go.mod h1:zC9APTIj3jG3FdV/Ons+XE1riIZXG4aZ4GTHiPZJPIU=
golang.org/x/text v0.3.0/go.mod h1:NqM8EUOU14njkJ3fqMW+pc6Ldnwhi/IjpwHt7yyuwOQ=
golang.org/x/text v0.3.3/go.mod h1:5Zoc/QRtKVWzQhOtBMvqHzDpF6irO9z98xDceosuGiQ=
golang.org/x/text v0.3.7/go.mod h1:u+2+/6zg+i71rQMx5EYifcz6MCKuco9NR6JIITiCfzQ=
golang.org/x/text v0.4.0/go.mod h1:mrYo+phRRbMaCq/xk9113O4dZlRixOauAjOtrjsXDZ8=
golang.org/x/text v0.6.0 h1:3XmdazWV+ubf7QgHSTWeykHOci5oeekaGJBLkrkaw4k=
golang.org/x/text v0.6.0/go.mod h1:mrYo+phRRbMaCq/xk9113O4dZlRixOauAjOtrjsXDZ8=
golang.org/x/text v0.7.0 h1:4BRB4x83lYWy72KwLD/qYDuTu7q9PjSagHvijDw7cLo=
golang.org/x/text v0.7.0/go.mod h1:mrYo+phRRbMaCq/xk9113O4dZlRixOauAjOtrjsXDZ8=
golang.org/x/text v0.12.0 h1:k+n5B8goJNdU7hSvEtMUz3d1Q6D/XW4COJSJR6fN0mc=
golang.org/x/text v0.12.0/go.mod h1:TvPlkZtksWOMsz7fbANvkp4WM8x/WCo/om8BMLbz+aE=
golang.org/x/tools v0.0.0-20180917221912-90fa682c2a6e/go.mod h1:n7NCudcB/nEzxVGmLbDWY5pfWTLqBcC2KZ6jyYvM4mQ=
golang.org/x/tools v0.0.0-20191119224855-298f0cb1881e/go.mod h1:b+2E5dAYhXwXZwtnZ6UAqBI28+e2cm9otk0dWdXHAEo=
golang.org/x/tools v0.1.12/go.mod h1:hNGJHUnrk76NpqgfD5Aqm5Crs+Hm0VOH/i9J2+nxYbc=
golang.org/x/tools v0.6.0/go.mod h1:Xwgl3UAJ/d3gWutnCtw505GrjyAbvKui8lOU390QaIU=
golang.org/x/xerrors v0.0.0-20190717185122-a985d3407aa7/go.mod h1:I/5z698sn9Ka8TeJc9MKroUUfqBBauWjQqLJ2OPfmY0=
golang.org/x/xerrors v0.0.0-20191204190536-9bdfabe68543/go.mod h1:I/5z698sn9Ka8TeJc9MKroUUfqBBauWjQqLJ2OPfmY0=
golang.yacloud.eu/apis/session v1.1.2520 h1:ApUsbgqaninxXsNms2bdYQN0CxWBd3aouCd/wDUnK7k=
golang.yacloud.eu/apis/session v1.1.2520/go.mod h1:rfVP8+AIjNv7vWBQmPVnKU0CTJTw/WMHmvphRlKPsE4=
golang.yacloud.eu/apis/urlcacher v1.1.2144 h1:TBjmeTYvy6695weTVMh8ETpwlfAktF8FiSY5+hx1q9M=
golang.yacloud.eu/apis/urlcacher v1.1.2144/go.mod h1:dD/o1tIniJ0r+Y7KLdA+61mXzYqScNBfNATGT+sjMJ0=
golang.yacloud.eu/apis/urlcacher v1.1.2147 h1:QlUXs5k8yaovJa8tU+GVEJHuc2Ms8aU7CiHsS1brZzo=
golang.yacloud.eu/apis/urlcacher v1.1.2147/go.mod h1:79kiDp9JOTpl26iBZSnfBSaDOKiJ9u++13QHmIToTXk=
golang.yacloud.eu/apis/urlcacher v1.1.2520 h1:SfWjLw7fbkb2DbBbzMTf4M3bXkI4KCAH+d7NrrFpAGw=
golang.yacloud.eu/apis/urlcacher v1.1.2520/go.mod h1:yknPpiaDE5JtiKw0KYnJP1xGaqWaY0Z8CGjlzkJ0vGo=
google.golang.org/genproto v0.0.0-20221118155620-16455021b5e6 h1:a2S6M0+660BgMNl++4JPlcAO/CjkqYItDEZwkoDQK7c=
google.golang.org/genproto v0.0.0-20221118155620-16455021b5e6/go.mod h1:rZS5c/ZVYMaOGBfO68GWtjOw/eLaZM1X6iVtgjZ+EWg=
google.golang.org/genproto v0.0.0-20230110181048-76db0878b65f h1:BWUVssLB0HVOSY78gIdvk1dTVYtT1y8SBWtPYuTJ/6w=
google.golang.org/genproto v0.0.0-20230110181048-76db0878b65f/go.mod h1:RGgjbofJ8xD9Sq1VVhDM1Vok1vRONV+rg+CjzG4SZKM=
google.golang.org/genproto v0.0.0-20230526161137-0005af68ea54 h1:9NWlQfY2ePejTmfwUH1OWwmznFa+0kKcHGPDvcPza9M=
google.golang.org/genproto v0.0.0-20230526161137-0005af68ea54/go.mod h1:zqTuNwFlFRsw5zIts5VnzLQxSRqh+CGOTVMlYbY0Eyk=
google.golang.org/genproto/googleapis/rpc v0.0.0-20230525234030-28d5490b6b19 h1:0nDDozoAU19Qb2HwhXadU8OcsiO/09cnTqhUtq2MEOM=
google.golang.org/genproto/googleapis/rpc v0.0.0-20230525234030-28d5490b6b19/go.mod h1:66JfowdXAEgad5O9NnYcsNPLCPZJD++2L9X0PCMODrA=
google.golang.org/grpc v1.52.0 h1:kd48UiU7EHsV4rnLyOJRuP/Il/UHE7gdDAQ+SZI7nZk=
google.golang.org/grpc v1.52.0/go.mod h1:pu6fVzoFb+NBYNAvQL08ic+lvB2IojljRYuun5vorUY=
google.golang.org/grpc v1.53.0 h1:LAv2ds7cmFV/XTS3XG1NneeENYrXGmorPxsBbptIjNc=
google.golang.org/grpc v1.53.0/go.mod h1:OnIrk0ipVdj4N5d9IUoFUx72/VlD7+jUsHwZgwSMQpw=
google.golang.org/grpc v1.57.0 h1:kfzNeI/klCGD2YPMUlaGNT3pxvYfga7smW3Vth8Zsiw=
google.golang.org/grpc v1.57.0/go.mod h1:Sd+9RMTACXwmub0zcNY2c4arhtrbBYD1AUHI/dt16Mo=
google.golang.org/protobuf v1.26.0-rc.1/go.mod h1:jlhhOSvTdKEhbULTjvd4ARK9grFBp09yW+WbY/TyQbw=
google.golang.org/protobuf v1.26.0/go.mod h1:9q0QmTI4eRPtz6boOQmLYwt+qCgq0jsYwAQnmE0givc=
google.golang.org/protobuf v1.28.1 h1:d0NfwRgPtno5B1Wa6L2DAG+KivqkdutMf1UhdNx175w=
google.golang.org/protobuf v1.28.1/go.mod h1:HV8QOd/L58Z+nl8r43ehVNZIU/HEI6OcFqwMG9pJV4I=
google.golang.org/protobuf v1.31.0 h1:g0LDEJHgrBl9N9r17Ru3sqWhkIx2NB67okBHPwC7hs8=
google.golang.org/protobuf v1.31.0/go.mod h1:HV8QOd/L58Z+nl8r43ehVNZIU/HEI6OcFqwMG9pJV4I=
gopkg.in/check.v1 v0.0.0-20161208181325-20d25e280405/go.mod h1:Co6ibVJAznAaIkqp8huTwlJQCZ016jof/cbN4VW5Yz0=
gopkg.in/yaml.v2 v2.4.0 h1:D8xgwECY7CYvx+Y2n4sBz93Jn9JRvxdiyyo8CTfuKaY=
gopkg.in/yaml.v2 v2.4.0/go.mod h1:RDklbk79AGWmwhnvt/jBztapEOGDOx6ZbXqjP6csGnQ=
