github.com/beorn7/perks v1.0.1 h1:VlbKKnNfV8bJzeqoa4cOKqO6bYr3WgKZxO8Z16+hsOM=
github.com/beorn7/perks v1.0.1/go.mod h1:G2ZrVWU2WbWT9wwq4/hrbKbnv/1ERSJQ0ibhJ6rlkpw=
github.com/cespare/xxhash/v2 v2.3.0 h1:UL815xU9SqsFlibzuggzjXhog7bL6oX9BbNZnL2UFvs=
github.com/cespare/xxhash/v2 v2.3.0/go.mod h1:VGX0DQ3Q6kWi7AoAeZDth3/j3BFtOZR5XLFGgcrjCOs=
github.com/davecgh/go-spew v1.1.1 h1:vj9j/u1bqnvCEfJOwUhtlOARqs3+rkHYY13jYWTU97c=
github.com/davecgh/go-spew v1.1.1/go.mod h1:J7Y8YcW2NihsgmVo/mv3lAwl/skON4iLHjSsI+c5H38=
github.com/dustin/go-humanize v1.0.1 h1:GzkhY7T5VNhEkwH0PVJgjz+fX1rhBrR7pRT3mDkpeCY=
github.com/dustin/go-humanize v1.0.1/go.mod h1:Mu1zIs6XwVuF/gI1OepvI0qD18qycQx+mFykh5fBlto=
github.com/fogleman/gg v1.3.0 h1:/7zJX8F6AaYQc57WQCyN9cAIz+4bCJGO9B+dyW29am8=
github.com/fogleman/gg v1.3.0/go.mod h1:R/bRT+9gY/C5z7JzPU0zXsXHKM4/ayA+zqcVNZzPa1k=
github.com/golang/freetype v0.0.0-20170609003504-e2365dfdc4a0 h1:DACJavvAHhabrF08vX0COfcOBJRhZ8lUbR+ZWIs0Y5g=
github.com/golang/freetype v0.0.0-20170609003504-e2365dfdc4a0/go.mod h1:E/TSTwGwJL78qG/PmXZO1EjYhfJinVAhrmmHX6Z8B9k=
github.com/golang/protobuf v1.5.4 h1:i7eJL8qZTpSEXOPTxNKhASYpMn+8e5Q6AdndVa1dWek=
github.com/golang/protobuf v1.5.4/go.mod h1:lnTiLA8Wa4RWRcIUkrtSVa5nRhsEGBg48fD6rSs7xps=
github.com/google/go-cmp v0.6.0 h1:ofyhxvXcZhMsU5ulbFiLKl/XBFqE1GSq7atu8tAmTRI=
github.com/google/go-cmp v0.6.0/go.mod h1:17dUlkBOakJ0+DkrSSNjCkIjxS6bF9zb3elmeNGIjoY=
github.com/grafana/pyroscope-go v1.2.0 h1:aILLKjTj8CS8f/24OPMGPewQSYlhmdQMBmol1d3KGj8=
github.com/grafana/pyroscope-go v1.2.0/go.mod h1:2GHr28Nr05bg2pElS+dDsc98f3JTUh2f6Fz1hWXrqwk=
github.com/grafana/pyroscope-go/godeltaprof v0.1.8 h1:iwOtYXeeVSAeYefJNaxDytgjKtUuKQbJqgAIjlnicKg=
github.com/grafana/pyroscope-go/godeltaprof v0.1.8/go.mod h1:2+l7K7twW49Ct4wFluZD3tZ6e0SjanjcUUBPVD/UuGU=
github.com/klauspost/compress v1.17.10 h1:oXAz+Vh0PMUvJczoi+flxpnBEPxoER1IaAnU/NMPtT0=
github.com/klauspost/compress v1.17.10/go.mod h1:pMDklpSncoRMuLFrf1W9Ss9KT+0rH90U12bZKk7uwG0=
github.com/kr/pretty v0.3.1 h1:flRD4NNwYAUpkphVc1HcthR4KEIFJ65n8Mw5qdRn3LE=
github.com/kr/pretty v0.3.1/go.mod h1:hoEshYVHaxMs3cyo3Yncou5ZscifuDolrwPKZanG3xk=
github.com/kr/text v0.2.0 h1:5Nx0Ya0ZqY2ygV366QzturHI13Jq95ApcVaJBhpS+AY=
github.com/kr/text v0.2.0/go.mod h1:eLer722TekiGuMkidMxC/pM04lWEeraHUUmBw8l2grE=
github.com/kylelemons/godebug v1.1.0 h1:RPNrshWIDI6G2gRW9EHilWtl7Z6Sb1BR0xunSBf0SNc=
github.com/kylelemons/godebug v1.1.0/go.mod h1:9/0rRGxNHcop5bhtWyNeEfOS8JIWk580+fNqagV/RAw=
github.com/munnerz/goautoneg v0.0.0-20191010083416-a7dc8b61c822 h1:C3w9PqII01/Oq1c1nUAm88MOHcQC9l5mIlSMApZMrHA=
github.com/munnerz/goautoneg v0.0.0-20191010083416-a7dc8b61c822/go.mod h1:+n7T8mK8HuQTcFwEeznm/DIxMOiR9yIdICNftLE1DvQ=
github.com/pmezard/go-difflib v1.0.0 h1:4DBwDE0NGyQoBHbLQYPwSUPoCMWR5BEzIk/f1lZbAQM=
github.com/pmezard/go-difflib v1.0.0/go.mod h1:iKH77koFhYxTK1pcRnkKkqfTogsbg7gZNVY4sRDYZ/4=
github.com/prometheus/client_golang v1.20.3 h1:oPksm4K8B+Vt35tUhw6GbSNSgVlVSBH0qELP/7u83l4=
github.com/prometheus/client_golang v1.20.3/go.mod h1:PIEt8X02hGcP8JWbeHyeZ53Y/jReSnHgO035n//V5WE=
github.com/prometheus/client_model v0.6.1 h1:ZKSh/rekM+n3CeS952MLRAdFwIKqeY8b62p8ais2e9E=
github.com/prometheus/client_model v0.6.1/go.mod h1:OrxVMOVHjw3lKMa8+x6HeMGkHMQyHDk9E3jmP2AmGiY=
github.com/prometheus/common v0.59.1 h1:LXb1quJHWm1P6wq/U824uxYi4Sg0oGvNeUm1z5dJoX0=
github.com/prometheus/common v0.59.1/go.mod h1:GpWM7dewqmVYcd7SmRaiWVe9SSqjf0UrwnYnpEZNuT0=
github.com/prometheus/procfs v0.15.1 h1:YagwOFzUgYfKKHX6Dr+sHT7km/hxC76UB0learggepc=
github.com/prometheus/procfs v0.15.1/go.mod h1:fB45yRUv8NstnjriLhBQLuOUt+WW4BsoGhij/e3PBqk=
github.com/rogpeppe/go-internal v1.10.0 h1:TMyTOH3F/DB16zRVcYyreMH6GnZZrwQVAoYjRBZyWFQ=
github.com/rogpeppe/go-internal v1.10.0/go.mod h1:UQnix2H7Ngw/k4C5ijL5+65zddjncjaFoBhdsK/akog=
github.com/stretchr/objx v0.5.2 h1:xuMeJ0Sdp5ZMRXx/aWO6RZxdr3beISkG5/G/aIRr3pY=
github.com/stretchr/objx v0.5.2/go.mod h1:FRsXN1f5AsAjCGJKqEizvkpNtU+EGNCLh3NxZ/8L+MA=
github.com/stretchr/testify v1.9.0 h1:HtqpIVDClZ4nwg75+f6Lvsy/wHu+3BoSGCbBAcpTsTg=
github.com/stretchr/testify v1.9.0/go.mod h1:r2ic/lqez/lEtzL7wO/rwa5dbSLXVDPFyf8C91i36aY=
gocv.io/x/gocv v0.38.0 h1:BBfb8zJvpybk3XIpjJFw5Xg52/EsCKxWGpRw4iVM46c=
gocv.io/x/gocv v0.38.0/go.mod h1:zYdWMj29WAEznM3Y8NsU3A0TRq/wR/cy75jeUypThqU=
golang.conradwood.net/apis/auth v1.1.3231 h1:I+EPkUauNfxeFuAUbZmfh9ErCsK3ovbyforTrihbOlM=
golang.conradwood.net/apis/auth v1.1.3231/go.mod h1:MxQyZXYLKzeyqnViYF3igXFIDaIxQU8FWhn48pmtdhw=
golang.conradwood.net/apis/autodeployer v1.1.3231 h1:lurXAXXpEe/9anK1Pwu1ETkSlYEz508L5xDv2nK4VVw=
golang.conradwood.net/apis/autodeployer v1.1.3231/go.mod h1:dKOFw0fnLqCXBFiPnvQYyzuT6DULSbafXxBMxphXpUA=
golang.conradwood.net/apis/certmanager v1.1.3231 h1:PULfoWxpJesJOxo/HgaMLhan8aO4RWoghQusomiXmx8=
golang.conradwood.net/apis/certmanager v1.1.3231/go.mod h1:qmiRPIAGjEkMg8qJKQeN9vBNrWqqyd1NEAC0GfQkoZc=
golang.conradwood.net/apis/common v1.1.3231 h1:sx99ndxAGbEmFkXVvLf+3kCr6Q0zZUJkvKAx1GFCOjk=
golang.conradwood.net/apis/common v1.1.3231/go.mod h1:UoyvKZ4MGt2stiqffZPvNx5BzHlKgWEu1uhes4N1C3Q=
golang.conradwood.net/apis/deploymonkey v1.1.3231 h1:Jh8mkl10Dt26gTqecrOBnh4DphAI3suZWeyX+PM0sic=
golang.conradwood.net/apis/deploymonkey v1.1.3231/go.mod h1:G1zt3Xcjv5LZaOXVZsFaO8Vt7iabYkuQbUCWMJCGY5w=
golang.conradwood.net/apis/echoservice v1.1.3231 h1:DUcXfDUvvZRxgKVniYP4slK7CpKI9PfQssC/jADGtKc=
golang.conradwood.net/apis/echoservice v1.1.3231/go.mod h1:83Qjwkltm4x2ZwroLXpVps2/Rcle1IAcdXuCaZjWEgI=
golang.conradwood.net/apis/errorlogger v1.1.3231 h1:CtjCFA8PCrraVvrMAPGPJ+CBpWxCxKeiifqFSsdMio4=
golang.conradwood.net/apis/errorlogger v1.1.3231/go.mod h1:4MHNDtw27i170mjLeh8/X/ZpWM4M1XqAfPhGy9is1+0=
golang.conradwood.net/apis/framework v1.1.3231 h1:qQUPbsReMJMby9jWdfYRAlj6YGVh40W0h90Ja5+a7AE=
golang.conradwood.net/apis/framework v1.1.3231/go.mod h1:RFOSVZYJEapFuc2Tt1cHzMb3eNXSjwix5zs+w+CQ8ec=
golang.conradwood.net/apis/goeasyops v1.1.3231 h1:qgonj3tGNagSZb8JT8zOKBWVvwp1u+XJo4O9zJpCGOo=
golang.conradwood.net/apis/goeasyops v1.1.3231/go.mod h1:CQiGof9N2nBCoAKPvkT37jBSh/5WQMZ2O12uQhLl0AQ=
golang.conradwood.net/apis/grafanadata v1.1.3231 h1:rerI2Hz/NWkmtDVL48lSEDrNtD1uoDQxCNUXL0jNJY4=
golang.conradwood.net/apis/grafanadata v1.1.3231/go.mod h1:RneMcPI4vaqGwpC/aG/dWMJu1glNK7JsV2zIUi6rggo=
golang.conradwood.net/apis/h2gproxy v1.1.3231 h1:RGYt+Uf3Ka+qzAa02d7Ltup/x4LmrbbvhQCSC7AOOEY=
golang.conradwood.net/apis/h2gproxy v1.1.3231/go.mod h1:UCMrhiqPuS9Lm9aDRaFsLTdjdPGvSY66Dk5laB3gCdI=
golang.conradwood.net/apis/images v1.1.3231 h1:pml8rrWzMGCkStwE20f2nQ3FSL6jUbEn47bmkQq3Hvg=
golang.conradwood.net/apis/images v1.1.3231/go.mod h1:kYXeL06euNJslNx2q/5cqN6KBeqoUbqDlq5d5sgnAu4=
golang.conradwood.net/apis/objectstore v1.1.3231 h1:kQlt5B0YW6cUeAto273i4t++qdj/Mmu/1qDqnVOLGWI=
golang.conradwood.net/apis/objectstore v1.1.3231/go.mod h1:7Arz2agkeIL0X0SxEQ+1EEZ64IreTUUo2Yhr5v5ioA0=
golang.conradwood.net/apis/registry v1.1.3231 h1:Vf3fANc0M6BVDJG+QV7+ExJ0ejEjOdTUGQLRnOJvnbw=
golang.conradwood.net/apis/registry v1.1.3231/go.mod h1:NGvWl6Dgo7bxBWOS3zs2sW6C8wIswXQTAku3waASz/U=
golang.conradwood.net/go-easyops v0.1.30646 h1:isO1VwLfU6OG2FZxuY11VbdTceC7rUkNSedSL0BHqnE=
golang.conradwood.net/go-easyops v0.1.30646/go.mod h1:lvAUuCuhBjenslFQNqpUybMMUmxXIjYuKUHHofWeI6k=
golang.org/x/image v0.20.0 h1:7cVCUjQwfL18gyBJOmYvptfSHS8Fb3YUDtfLIZ7Nbpw=
golang.org/x/image v0.20.0/go.mod h1:0a88To4CYVBAHp5FXJm8o7QbUl37Vd85ply1vyD8auM=
golang.org/x/net v0.29.0 h1:5ORfpBpCs4HzDYoodCDBbwHzdR5UrLBZ3sOnUJmFoHo=
golang.org/x/net v0.29.0/go.mod h1:gLkgy8jTGERgjzMic6DS9+SP0ajcu6Xu3Orq/SpETg0=
golang.org/x/sys v0.25.0 h1:r+8e+loiHxRqhXVl6ML1nO3l1+oFoWbnlu2Ehimmi34=
golang.org/x/sys v0.25.0/go.mod h1:/VUhepiaJMQUp4+oa/7Zr1D23ma6VTLIYjOOTFZPUcA=
golang.org/x/term v0.24.0 h1:Mh5cbb+Zk2hqqXNO7S1iTjEphVL+jb8ZWaqh/g+JWkM=
golang.org/x/term v0.24.0/go.mod h1:lOBK/LVxemqiMij05LGJ0tzNr8xlmwBRJ81PX6wVLH8=
golang.org/x/text v0.18.0 h1:XvMDiNzPAl0jr17s6W9lcaIhGUfUORdGCNsuLmPG224=
golang.org/x/text v0.18.0/go.mod h1:BuEKDfySbSR4drPmRPG/7iBdf8hvFMuRexcpahXilzY=
golang.yacloud.eu/apis/autodeployer2 v1.1.3231 h1:TSPL9FTitboferWefaQtQ2dCLciFWJJ9KABLJGw26+U=
golang.yacloud.eu/apis/autodeployer2 v1.1.3231/go.mod h1:A6o9pe671z/y5HSO1uilqCnchdEV4ojq6v0/s0NsqwM=
golang.yacloud.eu/apis/faultindicator v1.1.3231 h1:sD4m9VtCqbBcGY8EICVneugqOlLA6BYsxbe7IostdQw=
golang.yacloud.eu/apis/faultindicator v1.1.3231/go.mod h1:xjHd04snWiRofDnoF0la02NjYpoSXBjRgErt91mihfI=
golang.yacloud.eu/apis/fscache v1.1.3231 h1:/qHWfMbUfLO7T2l+halvlKDBQA+op4QrhnBqGBP/UhA=
golang.yacloud.eu/apis/fscache v1.1.3231/go.mod h1:1ihZ5Fqw+j53fZM/sVEQtROLJh5NcjZsaeeK8rd9img=
golang.yacloud.eu/apis/session v1.1.3231 h1:dJz+MULErLldqvBSx+nGFZnnU2gv+qMQEwfNtmoQ4Wk=
golang.yacloud.eu/apis/session v1.1.3231/go.mod h1:5ehf7ROM5FubO2SluXEjX6sMgasgSL1HiPwRUcy99wA=
golang.yacloud.eu/apis/unixipc v1.1.3231 h1:TVXPGYztgv8tBLcV0ZS6ARm09/s+CRF+5BkS/gdzWZA=
golang.yacloud.eu/apis/unixipc v1.1.3231/go.mod h1:GLalKPSV41A7AytSErbWlSAydYPWAt7OuIe7I9pAX3Q=
golang.yacloud.eu/apis/urlcacher v1.1.3231 h1:u1RYsmKk89Br/1MDml5pUKP9BHOmCPUgflqV00tXseo=
golang.yacloud.eu/apis/urlcacher v1.1.3231/go.mod h1:2DLHDQR2McNXQyEDvAg+7LF0408j5pgSrvYRxZ+CPM0=
golang.yacloud.eu/unixipc v0.1.26852 h1:bKxdKQVBTcuzgPuUv0ZUHui44Ys3KY+gOBTQ5m5S60s=
golang.yacloud.eu/unixipc v0.1.26852/go.mod h1:BboKEBCyQzeXbtXowwSLV9U+wI32wq49ZVs72+uO/ZI=
google.golang.org/genproto/googleapis/rpc v0.0.0-20240604185151-ef581f913117 h1:1GBuWVLM/KMVUv1t1En5Gs+gFZCNd360GGb4sSxtrhU=
google.golang.org/genproto/googleapis/rpc v0.0.0-20240604185151-ef581f913117/go.mod h1:EfXuqaE1J41VCDicxHzUDm+8rk+7ZdXzHV0IhO/I6s0=
google.golang.org/grpc v1.66.0 h1:DibZuoBznOxbDQxRINckZcUvnCEvrW9pcWIE2yF9r1c=
google.golang.org/grpc v1.66.0/go.mod h1:s3/l6xSSCURdVfAnL+TqCNMyTDAGN6+lZeVxnZR128Y=
google.golang.org/protobuf v1.34.2 h1:6xV6lTsCfpGD21XK49h7MhtcApnLqkfYgPcdHftf6hg=
google.golang.org/protobuf v1.34.2/go.mod h1:qYOHts0dSfpeUzUFpOMr/WGzszTmLH+DiWniOlNbLDw=
gopkg.in/check.v1 v0.0.0-20161208181325-20d25e280405/go.mod h1:Co6ibVJAznAaIkqp8huTwlJQCZ016jof/cbN4VW5Yz0=
gopkg.in/check.v1 v1.0.0-20201130134442-10cb98267c6c h1:Hei/4ADfdWqJk1ZMxUNpqntNwaWcugrBjAiHlqqRiVk=
gopkg.in/check.v1 v1.0.0-20201130134442-10cb98267c6c/go.mod h1:JHkPIbrfpd72SG/EVd6muEfDQjcINNoR0C8j2r3qZ4Q=
gopkg.in/yaml.v2 v2.4.0 h1:D8xgwECY7CYvx+Y2n4sBz93Jn9JRvxdiyyo8CTfuKaY=
gopkg.in/yaml.v2 v2.4.0/go.mod h1:RDklbk79AGWmwhnvt/jBztapEOGDOx6ZbXqjP6csGnQ=
gopkg.in/yaml.v3 v3.0.1 h1:fxVm/GzAzEWqLHuvctI91KS9hhNmmWOoWu0XTYJS7CA=
gopkg.in/yaml.v3 v3.0.1/go.mod h1:K4uyk7z7BCEPqu6E+C64Yfv1cQ7kz7rIZviUmN+EgEM=
